
Microsoft Visual Studio Solution File, Format Version 12.00
# Visual Studio 14
VisualStudioVersion = 14.0.25123.0
MinimumVisualStudioVersion = 10.0.40219.1
Project("{FAE04EC0-301F-11D3-BF4B-00C04F79EFBC}") = "SignhostAPIClient", "SignhostAPIClient\SignhostAPIClient.csproj", "{2A52486F-6D2C-479F-A7E5-CCD6F8953D5C}"
EndProject
Project("{FAE04EC0-301F-11D3-BF4B-00C04F79EFBC}") = "SignhostAPIClient.Tests", "SignhostAPIClient.Tests\SignhostAPIClient.Tests.csproj", "{0A2CF5DE-060C-4C92-8F15-7AA26268511D}"
EndProject
Global
	GlobalSection(SolutionConfigurationPlatforms) = preSolution
		Debug|Any CPU = Debug|Any CPU
		Release|Any CPU = Release|Any CPU
	EndGlobalSection
	GlobalSection(ProjectConfigurationPlatforms) = postSolution
		{2A52486F-6D2C-479F-A7E5-CCD6F8953D5C}.Debug|Any CPU.ActiveCfg = Debug|Any CPU
		{2A52486F-6D2C-479F-A7E5-CCD6F8953D5C}.Debug|Any CPU.Build.0 = Debug|Any CPU
		{2A52486F-6D2C-479F-A7E5-CCD6F8953D5C}.Release|Any CPU.ActiveCfg = Release|Any CPU
		{2A52486F-6D2C-479F-A7E5-CCD6F8953D5C}.Release|Any CPU.Build.0 = Release|Any CPU
		{0A2CF5DE-060C-4C92-8F15-7AA26268511D}.Debug|Any CPU.ActiveCfg = Debug|Any CPU
		{0A2CF5DE-060C-4C92-8F15-7AA26268511D}.Debug|Any CPU.Build.0 = Debug|Any CPU
		{0A2CF5DE-060C-4C92-8F15-7AA26268511D}.Release|Any CPU.ActiveCfg = Release|Any CPU
		{0A2CF5DE-060C-4C92-8F15-7AA26268511D}.Release|Any CPU.Build.0 = Release|Any CPU
	EndGlobalSection
	GlobalSection(SolutionProperties) = preSolution
		HideSolutionNode = FALSE
	EndGlobalSection
EndGlobal
